
Microsoft Visual Studio Solution File, Format Version 12.00
# Visual Studio 14
VisualStudioVersion = 14.0.25123.0
MinimumVisualStudioVersion = 10.0.40219.1
Project("{FAE04EC0-301F-11D3-BF4B-00C04F79EFBC}") = "StlViewer", "StlViewer\StlViewer.csproj", "{B66B7320-775C-44B7-8F13-913C0714EDF2}"
EndProject
Project("{FAE04EC0-301F-11D3-BF4B-00C04F79EFBC}") = "StlViewer.Demo", "StlViewer.Demo\StlViewer.Demo.csproj", "{44CAEB7B-B4CA-411B-985D-6BD65CD446E0}"
EndProject
Global
	GlobalSection(SolutionConfigurationPlatforms) = preSolution
		Debug|Any CPU = Debug|Any CPU
		Release|Any CPU = Release|Any CPU
	EndGlobalSection
	GlobalSection(ProjectConfigurationPlatforms) = postSolution
		{B66B7320-775C-44B7-8F13-913C0714EDF2}.Debug|Any CPU.ActiveCfg = Debug|Any CPU
		{B66B7320-775C-44B7-8F13-913C0714EDF2}.Debug|Any CPU.Build.0 = Debug|Any CPU
		{B66B7320-775C-44B7-8F13-913C0714EDF2}.Release|Any CPU.ActiveCfg = Release|Any CPU
		{B66B7320-775C-44B7-8F13-913C0714EDF2}.Release|Any CPU.Build.0 = Release|Any CPU
		{44CAEB7B-B4CA-411B-985D-6BD65CD446E0}.Debug|Any CPU.ActiveCfg = Debug|Any CPU
		{44CAEB7B-B4CA-411B-985D-6BD65CD446E0}.Debug|Any CPU.Build.0 = Debug|Any CPU
		{44CAEB7B-B4CA-411B-985D-6BD65CD446E0}.Release|Any CPU.ActiveCfg = Release|Any CPU
		{44CAEB7B-B4CA-411B-985D-6BD65CD446E0}.Release|Any CPU.Build.0 = Release|Any CPU
	EndGlobalSection
	GlobalSection(SolutionProperties) = preSolution
		HideSolutionNode = FALSE
	EndGlobalSection
EndGlobal
